
Microsoft Visual Studio Solution File, Format Version 12.00
# Visual Studio Version 17
VisualStudioVersion = 17.6.33815.320
MinimumVisualStudioVersion = 10.0.40219.1
Project("{54A90642-561A-4BB1-A94E-469ADEE60C69}") = "CalendarInvitation.Client", "reactapp\CalendarInvitation.Client.esproj", "{56171663-91F5-41CA-8924-85BF1565D1D4}"
EndProject
Project("{9A19103F-16F7-4668-BE54-9A1E7A4F7556}") = "CalendarInvitation.WebApi", "webapi\CalendarInvitation.WebApi.csproj", "{AABD68DE-6AF7-4F5D-99A5-CA1E171B54FE}"
EndProject
Project("{FAE04EC0-301F-11D3-BF4B-00C04F79EFBC}") = "CalendarInvitation.Auth", "CalendarInvitation.Auth\CalendarInvitation.Auth.csproj", "{60FD6837-5278-44EF-9889-3DDB76C1DE6A}"
EndProject
Global
	GlobalSection(SolutionConfigurationPlatforms) = preSolution
		Debug|Any CPU = Debug|Any CPU
		Release|Any CPU = Release|Any CPU
	EndGlobalSection
	GlobalSection(ProjectConfigurationPlatforms) = postSolution
		{56171663-91F5-41CA-8924-85BF1565D1D4}.Debug|Any CPU.ActiveCfg = Debug|Any CPU
		{56171663-91F5-41CA-8924-85BF1565D1D4}.Debug|Any CPU.Build.0 = Debug|Any CPU
		{56171663-91F5-41CA-8924-85BF1565D1D4}.Debug|Any CPU.Deploy.0 = Debug|Any CPU
		{56171663-91F5-41CA-8924-85BF1565D1D4}.Release|Any CPU.ActiveCfg = Release|Any CPU
		{56171663-91F5-41CA-8924-85BF1565D1D4}.Release|Any CPU.Build.0 = Release|Any CPU
		{56171663-91F5-41CA-8924-85BF1565D1D4}.Release|Any CPU.Deploy.0 = Release|Any CPU
		{AABD68DE-6AF7-4F5D-99A5-CA1E171B54FE}.Debug|Any CPU.ActiveCfg = Debug|Any CPU
		{AABD68DE-6AF7-4F5D-99A5-CA1E171B54FE}.Debug|Any CPU.Build.0 = Debug|Any CPU
		{AABD68DE-6AF7-4F5D-99A5-CA1E171B54FE}.Release|Any CPU.ActiveCfg = Release|Any CPU
		{AABD68DE-6AF7-4F5D-99A5-CA1E171B54FE}.Release|Any CPU.Build.0 = Release|Any CPU
		{60FD6837-5278-44EF-9889-3DDB76C1DE6A}.Debug|Any CPU.ActiveCfg = Debug|Any CPU
		{60FD6837-5278-44EF-9889-3DDB76C1DE6A}.Debug|Any CPU.Build.0 = Debug|Any CPU
		{60FD6837-5278-44EF-9889-3DDB76C1DE6A}.Release|Any CPU.ActiveCfg = Release|Any CPU
		{60FD6837-5278-44EF-9889-3DDB76C1DE6A}.Release|Any CPU.Build.0 = Release|Any CPU
	EndGlobalSection
	GlobalSection(SolutionProperties) = preSolution
		HideSolutionNode = FALSE
	EndGlobalSection
	GlobalSection(ExtensibilityGlobals) = postSolution
		SolutionGuid = {7171D01D-69DB-483C-BB3A-BE0FC41A8439}
	EndGlobalSection
EndGlobal
